<?xml version="1.0" encoding="utf-8"?>
<Project ToolsVersion="4.0" xmlns="http://schemas.microsoft.com/developer/msbuild/2003">
  <ItemGroup>
    <Filter Include="Assets">
      <UniqueIdentifier>17b52f90-9b33-4188-8a0e-808582bbabbc</UniqueIdentifier>
      <Extensions>ico;bmp;dlg;gif;jpg;jpeg;jpe;resx;tiff;tif;png;wav;resw;resjson</Extensions>
    </Filter>
  </ItemGroup>
  <ItemGroup>
    <Image Include="Assets\ApplicationIcon.png">
      <Filter>Assets</Filter>
    </Image>
    <Image Include="Assets\AlignmentGrid.png">
      <Filter>Assets</Filter>
    </Image>
    <Image Include="Assets\Tiles\FlipCycleTileLarge.png">
      <Filter>Assets</Filter>
    </Image>
    <Image Include="Assets\Tiles\FlipCycleTileMedium.png">
      <Filter>Assets</Filter>
    </Image>
    <Image Include="Assets\Tiles\FlipCycleTileSmall.png">
      <Filter>Assets</Filter>
    </Image>
    <Image Include="Assets\Tiles\IconicTileMediumLarge.png">
      <Filter>Assets</Filter>
    </Image>
    <Image Include="Assets\Tiles\IconicTileSmall.png">
      <Filter>Assets</Filter>
    </Image>
    <Image Include="Assets\CatTexture.dds">
      <Filter>Assets</Filter>
    </Image>
    <Image Include="Assets\nico-profil-clean.dds">
      <Filter>Assets</Filter>
    </Image>
    <Image Include="Assets\office.dds">
      <Filter>Assets</Filter>
    </Image>
    <Image Include="Assets\kjell-profil-clean.dds">
      <Filter>Assets</Filter>
    </Image>
    <Image Include="Assets\crate-front.dds">
      <Filter>Assets</Filter>
    </Image>
    <Image Include="Assets\main-menu-background.dds">
      <Filter>Assets</Filter>
    </Image>
    <Image Include="Assets\button.dds">
      <Filter>Assets</Filter>
    </Image>
    <Image Include="Assets\exit-button.dds">
      <Filter>Assets</Filter>
    </Image>
    <Image Include="Assets\kjell-profil-small.dds">
      <Filter>Assets</Filter>
    </Image>
    <Image Include="Assets\inventory-background.dds">
      <Filter>Assets</Filter>
    </Image>
    <Image Include="Assets\interaction-button.dds">
      <Filter>Assets</Filter>
    </Image>
  </ItemGroup>
  <ItemGroup>
    <FxCompile Include="SimplePixelShader.hlsl" />
    <FxCompile Include="SimpleVertexShader.hlsl" />
  </ItemGroup>
  <ItemGroup>
    <ClCompile Include="Lunch_v1.0.cpp" />
    <ClCompile Include="CubeRenderer.cpp" />
    <ClCompile Include="Direct3DBase.cpp" />
    <ClCompile Include="pch.cpp" />
    <ClCompile Include="Character.cpp" />
    <ClCompile Include="world.cpp" />
    <ClCompile Include="Room.cpp" />
    <ClCompile Include="DatabaseContext.cpp" />
    <ClCompile Include="Item.cpp" />
    <ClCompile Include="MenuInterface.cpp" />
    <ClCompile Include="Inventory.cpp" />
  </ItemGroup>
  <ItemGroup>
    <ClInclude Include="Lunch_v1.0.h" />
    <ClInclude Include="CubeRenderer.h" />
    <ClInclude Include="DirectXHelper.h" />
    <ClInclude Include="Direct3DBase.h" />
    <ClInclude Include="BasicTimer.h" />
    <ClInclude Include="pch.h" />
    <ClInclude Include="Character.h" />
    <ClInclude Include="world.h" />
    <ClInclude Include="Room.h" />
    <ClInclude Include="DatabaseContext.h" />
    <ClInclude Include="Item.h" />
    <ClInclude Include="MenuInterface.h" />
    <ClInclude Include="Inventory.h" />
  </ItemGroup>
  <ItemGroup>
    <Xml Include="WMAppManifest.xml" />
  </ItemGroup>
  <ItemGroup>
    <None Include="Assets\bubblefont.spritefont">
      <Filter>Assets</Filter>
    </None>
    <None Include="Assets\SegoeBold45.spritefont">
      <Filter>Assets</Filter>
    </None>
  </ItemGroup>
</Project>